{
  "name": "sea_biology",
  "version": "0.1.0",
  "lockfileVersion": 3,
  "requires": true,
  "packages": {
    "": {
      "name": "sea_biology",
      "version": "0.1.0",
      "devDependencies": {
        "animate.css": "^4.1.1",
        "aos": "^2.3.4",
        "axios": "^1.7.4",
        "bootstrap": "^5.2.3",
        "boxicons": "^2.1.4",
        "particles.vue3": "^2.2.4",
        "pinia": "^2.1.7",
        "pinia-plugin-persistedstate": "^3.2.1",
        "tsparticles": "^2.2.4",
        "vite-plugin-mkcert": "^1.17.5",
        "vue": "^3.2.13",
        "vue-router": "^4.1.6"
      }
    },
    "node_modules/animate.css": {
      "version": "4.1.1",
      "resolved": "https://registry.npmjs.org/animate.css/-/animate.css-4.1.1.tgz",
      "integrity": "sha512-+mRmCTv6SbCmtYJCN4faJMNFVNN5EuCTTprDTAo7YzIGji2KADmakjVA3+8mVDkZ2Bf09vayB35lSQIex2+QaQ==",
      "dev": true
    },
    "node_modules/aos": {
      "version": "2.3.4",
      "resolved": "https://registry.npmjs.org/aos/-/aos-2.3.4.tgz",
      "integrity": "sha512-zh/ahtR2yME4I51z8IttIt4lC1Nw0ktsFtmeDzID1m9naJnWXhCoARaCgNOGXb5CLy3zm+wqmRAEgMYB5E2HUw==",
      "dev": true
    },
    "node_modules/axios": {
      "version": "1.7.4",
      "resolved": "https://registry.npmjs.org/axios/-/axios-1.7.4.tgz",
      "integrity": "sha512-DukmaFRnY6AzAALSH4J2M3k6PkaC+MfaAGdEERRWcC9q3/TWQwLpHR8ZRLKTdQ3aBDL64EdluRDjJqKw+BPZEw==",
      "dev": true,
      "dependencies": {
        "follow-redirects": "^1.15.6",
        "form-data": "^4.0.0",
        "proxy-from-env": "^1.1.0"
      }
    },
    "node_modules/bootstrap": {
      "version": "5.3.3",
      "resolved": "https://registry.npmjs.org/bootstrap/-/bootstrap-5.3.3.tgz",
      "integrity": "sha512-8HLCdWgyoMguSO9o+aH+iuZ+aht+mzW0u3HIMzVu7Srrpv7EBBxTnrFlSCskwdY1+EOFQSm7uMJhNQHkdPcmjg==",
      "dev": true,
      "funding": [
        {
          "type": "github",
          "url": "https://github.com/sponsors/twbs"
        },
        {
          "type": "opencollective",
          "url": "https://opencollective.com/bootstrap"
        }
      ]
    },
    "node_modules/boxicons": {
      "version": "2.1.4",
      "resolved": "https://registry.npmjs.org/boxicons/-/boxicons-2.1.4.tgz",
      "integrity": "sha512-BvJNfYfnE4g9WQ7GL91fftxMOTwAleWlPFwvQJPYb/Ju7aLjlQ/Eu55AH9JLNk/OR82z+ZSq4TbKzbV/e5Rr0A==",
      "dev": true
    },
    "node_modules/follow-redirects": {
      "version": "1.15.6",
      "resolved": "https://registry.npmjs.org/follow-redirects/-/follow-redirects-1.15.6.tgz",
      "integrity": "sha512-wWN62YITEaOpSK584EZXJafH1AGpO8RVgElfkuXbTOrPX4fIfOyEpW/CsiNd8JdYrAoOvafRTOEnvsO++qCqFA==",
      "dev": true,
      "funding": [
        {
          "type": "individual",
          "url": "https://github.com/sponsors/RubenVerborgh"
        }
      ],
      "engines": {
        "node": ">=4.0"
      }
    },
    "node_modules/form-data": {
      "version": "4.0.0",
      "resolved": "https://registry.npmjs.org/form-data/-/form-data-4.0.0.tgz",
      "integrity": "sha512-ETEklSGi5t0QMZuiXoA/Q6vcnxcLQP5vdugSpuAyi6SVGi2clPPp+xgEhuMaHC+zGgn31Kd235W35f7Hykkaww==",
      "dev": true,
      "engines": {
        "node": ">= 6"
      }
    },
    "node_modules/particles.vue3": {
      "version": "2.12.0",
      "resolved": "https://registry.npmjs.org/particles.vue3/-/particles.vue3-2.12.0.tgz",
      "integrity": "sha512-t1AFUSuL+zzXO5fvBq6y76DAyy6sXtBOVY3UirNzaRQ0JCqSV3wCQwQ2N51tJRG6V952ARi87NMcQP5VwfTkqA==",
      "deprecated": "@tsparticles/vue3 is the new package for v3, please use that",
      "dev": true,
      "funding": [
        {
          "type": "github",
          "url": "https://github.com/sponsors/matteobruni"
        },
        {
          "type": "github",
          "url": "https://github.com/sponsors/tsparticles"
        },
        {
          "type": "buymeacoffee",
          "url": "https://www.buymeacoffee.com/matteobruni"
        }
      ]
    },
    "node_modules/pinia": {
      "version": "2.1.7",
      "resolved": "https://registry.npmjs.org/pinia/-/pinia-2.1.7.tgz",
      "integrity": "sha512-+C2AHFtcFqjPih0zpYuvof37SFxMQ7OEG2zV9jRI12i9BOy3YQVAHwdKtyyc8pDcDyIc33WCIsZaCFWU7WWxGQ==",
      "dev": true,
      "funding": {
        "url": "https://github.com/sponsors/posva"
      }
    },
    "node_modules/pinia-plugin-persistedstate": {
      "version": "3.2.1",
      "resolved": "https://registry.npmjs.org/pinia-plugin-persistedstate/-/pinia-plugin-persistedstate-3.2.1.tgz",
      "integrity": "sha512-MK++8LRUsGF7r45PjBFES82ISnPzyO6IZx3CH5vyPseFLZCk1g2kgx6l/nW8pEBKxxd4do0P6bJw+mUSZIEZUQ==",
      "dev": true
    },
    "node_modules/proxy-from-env": {
      "version": "1.1.0",
      "resolved": "https://registry.npmjs.org/proxy-from-env/-/proxy-from-env-1.1.0.tgz",
      "integrity": "sha512-D+zkORCbA9f1tdWRK0RaCR3GPv50cMxcrz4X8k5LTSUD1Dkw47mKJEZQNunItRTkWwgtaUSo1RVFRIG9ZXiFYg==",
      "dev": true
    },
    "node_modules/tsparticles": {
      "version": "2.12.0",
      "resolved": "https://registry.npmjs.org/tsparticles/-/tsparticles-2.12.0.tgz",
      "integrity": "sha512-aw77llkaEhcKYUHuRlggA6SB1Dpa814/nrStp9USGiDo5QwE1Ckq30QAgdXU6GRvnblUFsiO750ZuLQs5Y0tVw==",
      "deprecated": "tsParticles v3 is out, it contains breaking changes and it's recommended to migrate to that version with fixes and new features",
      "dev": true,
      "funding": [
        {
          "type": "github",
          "url": "https://github.com/sponsors/matteobruni"
        },
        {
          "type": "github",
          "url": "https://github.com/sponsors/tsparticles"
        },
        {
          "type": "buymeacoffee",
          "url": "https://www.buymeacoffee.com/matteobruni"
        }
      ]
    },
    "node_modules/vite-plugin-mkcert": {
      "version": "1.17.5",
      "resolved": "https://registry.npmjs.org/vite-plugin-mkcert/-/vite-plugin-mkcert-1.17.5.tgz",
      "integrity": "sha512-KKGY3iHx/9zb7ow8JJ+nLN2HiNIBuPBwj34fJ+jAJT89/8qfk7msO7G7qipR8VDEm9xMCys0xT11QOJbZcg3/Q==",
      "dev": true,
      "engines": {
        "node": ">=v16.7.0"
      }
    },
    "node_modules/vue": {
      "version": "3.4.23",
      "resolved": "https://registry.npmjs.org/vue/-/vue-3.4.23.tgz",
      "integrity": "sha512-X1y6yyGJ28LMUBJ0k/qIeKHstGd+BlWQEOT40x3auJFTmpIhpbKLgN7EFsqalnJXq1Km5ybDEsp6BhuWKciUDg==",
      "dev": true
    },
    "node_modules/vue-router": {
      "version": "4.3.2",
      "resolved": "https://registry.npmjs.org/vue-router/-/vue-router-4.3.2.tgz",
      "integrity": "sha512-hKQJ1vDAZ5LVkKEnHhmm1f9pMiWIBNGF5AwU67PdH7TyXCj/a4hTccuUuYCAMgJK6rO/NVYtQIEN3yL8CECa7Q==",
      "dev": true,
      "funding": {
        "url": "https://github.com/sponsors/posva"
      }
    }
  }
}
